
Microsoft Visual Studio Solution File, Format Version 12.00
# Visual Studio Version 17
VisualStudioVersion = 17.9.34607.119
MinimumVisualStudioVersion = 10.0.40219.1
Project("{FAE04EC0-301F-11D3-BF4B-00C04F79EFBC}") = "Validation_using_Jquery", "Validation_using_Jquery\Validation_using_Jquery.csproj", "{66244B59-C341-49D5-9705-59A888143113}"
EndProject
Global
	GlobalSection(SolutionConfigurationPlatforms) = preSolution
		Debug|Any CPU = Debug|Any CPU
		Release|Any CPU = Release|Any CPU
	EndGlobalSection
	GlobalSection(ProjectConfigurationPlatforms) = postSolution
		{66244B59-C341-49D5-9705-59A888143113}.Debug|Any CPU.ActiveCfg = Debug|Any CPU
		{66244B59-C341-49D5-9705-59A888143113}.Debug|Any CPU.Build.0 = Debug|Any CPU
		{66244B59-C341-49D5-9705-59A888143113}.Release|Any CPU.ActiveCfg = Release|Any CPU
		{66244B59-C341-49D5-9705-59A888143113}.Release|Any CPU.Build.0 = Release|Any CPU
	EndGlobalSection
	GlobalSection(SolutionProperties) = preSolution
		HideSolutionNode = FALSE
	EndGlobalSection
	GlobalSection(ExtensibilityGlobals) = postSolution
		SolutionGuid = {4ACB7D8B-1771-4DBB-9B8A-5F73AAA79228}
	EndGlobalSection
EndGlobal
